
Microsoft Visual Studio Solution File, Format Version 12.00
# Visual Studio Version 17
VisualStudioVersion = 17.0.31912.275
MinimumVisualStudioVersion = 10.0.40219.1
Project("{2150E333-8FDC-42A3-9474-1A3956D46DE8}") = "Domain", "Domain", "{1ADF49D7-3D65-4CD1-90DE-776250C0751E}"
EndProject
Project("{2150E333-8FDC-42A3-9474-1A3956D46DE8}") = "Services", "Services", "{2CB1623B-AF15-4FCE-B939-12E54ABF152F}"
EndProject
Project("{2150E333-8FDC-42A3-9474-1A3956D46DE8}") = "UI", "UI", "{3E5548F6-C771-47BF-8D4F-2C82ADC9BF2E}"
EndProject
Project("{9A19103F-16F7-4668-BE54-9A1E7A4F7556}") = "DomainCore", "Domain\DomainCore.csproj", "{B2BE6CE0-5F1A-4A92-A2B7-7A10B62063B2}"
EndProject
Project("{9A19103F-16F7-4668-BE54-9A1E7A4F7556}") = "DomainInterfaces", "Domain.Interfaces\DomainInterfaces.csproj", "{1D2D37B6-EA14-4C51-ACEB-7F56945DEE0E}"
EndProject
Project("{9A19103F-16F7-4668-BE54-9A1E7A4F7556}") = "ServicesInterfaces", "ServicesInterfaces\ServicesInterfaces.csproj", "{72AA8516-58ED-4E9C-8154-938DDBB40FBC}"
EndProject
Project("{2150E333-8FDC-42A3-9474-1A3956D46DE8}") = "Infrastructure", "Infrastructure", "{1168CF5D-CB07-4BD7-93E6-54858E5FEC00}"
EndProject
Project("{9A19103F-16F7-4668-BE54-9A1E7A4F7556}") = "InfrastructureData", "InfrastructureData\InfrastructureData.csproj", "{782306C1-8554-451C-AD4A-4E2679ACB329}"
EndProject
Project("{9A19103F-16F7-4668-BE54-9A1E7A4F7556}") = "InfrastructureBusiness", "InfrastructureBusiness\InfrastructureBusiness.csproj", "{B7301270-B7B1-426E-86D9-CE3AF163B8B7}"
EndProject
Project("{FAE04EC0-301F-11D3-BF4B-00C04F79EFBC}") = "WebApp", "WebApp\WebApp.csproj", "{CE23B0BD-076D-4BCC-A21F-E9D437F89561}"
EndProject
Global
	GlobalSection(SolutionConfigurationPlatforms) = preSolution
		Debug|Any CPU = Debug|Any CPU
		Release|Any CPU = Release|Any CPU
	EndGlobalSection
	GlobalSection(ProjectConfigurationPlatforms) = postSolution
		{B2BE6CE0-5F1A-4A92-A2B7-7A10B62063B2}.Debug|Any CPU.ActiveCfg = Debug|Any CPU
		{B2BE6CE0-5F1A-4A92-A2B7-7A10B62063B2}.Debug|Any CPU.Build.0 = Debug|Any CPU
		{B2BE6CE0-5F1A-4A92-A2B7-7A10B62063B2}.Release|Any CPU.ActiveCfg = Release|Any CPU
		{B2BE6CE0-5F1A-4A92-A2B7-7A10B62063B2}.Release|Any CPU.Build.0 = Release|Any CPU
		{1D2D37B6-EA14-4C51-ACEB-7F56945DEE0E}.Debug|Any CPU.ActiveCfg = Debug|Any CPU
		{1D2D37B6-EA14-4C51-ACEB-7F56945DEE0E}.Debug|Any CPU.Build.0 = Debug|Any CPU
		{1D2D37B6-EA14-4C51-ACEB-7F56945DEE0E}.Release|Any CPU.ActiveCfg = Release|Any CPU
		{1D2D37B6-EA14-4C51-ACEB-7F56945DEE0E}.Release|Any CPU.Build.0 = Release|Any CPU
		{72AA8516-58ED-4E9C-8154-938DDBB40FBC}.Debug|Any CPU.ActiveCfg = Debug|Any CPU
		{72AA8516-58ED-4E9C-8154-938DDBB40FBC}.Debug|Any CPU.Build.0 = Debug|Any CPU
		{72AA8516-58ED-4E9C-8154-938DDBB40FBC}.Release|Any CPU.ActiveCfg = Release|Any CPU
		{72AA8516-58ED-4E9C-8154-938DDBB40FBC}.Release|Any CPU.Build.0 = Release|Any CPU
		{782306C1-8554-451C-AD4A-4E2679ACB329}.Debug|Any CPU.ActiveCfg = Debug|Any CPU
		{782306C1-8554-451C-AD4A-4E2679ACB329}.Debug|Any CPU.Build.0 = Debug|Any CPU
		{782306C1-8554-451C-AD4A-4E2679ACB329}.Release|Any CPU.ActiveCfg = Release|Any CPU
		{782306C1-8554-451C-AD4A-4E2679ACB329}.Release|Any CPU.Build.0 = Release|Any CPU
		{B7301270-B7B1-426E-86D9-CE3AF163B8B7}.Debug|Any CPU.ActiveCfg = Debug|Any CPU
		{B7301270-B7B1-426E-86D9-CE3AF163B8B7}.Debug|Any CPU.Build.0 = Debug|Any CPU
		{B7301270-B7B1-426E-86D9-CE3AF163B8B7}.Release|Any CPU.ActiveCfg = Release|Any CPU
		{B7301270-B7B1-426E-86D9-CE3AF163B8B7}.Release|Any CPU.Build.0 = Release|Any CPU
		{CE23B0BD-076D-4BCC-A21F-E9D437F89561}.Debug|Any CPU.ActiveCfg = Debug|Any CPU
		{CE23B0BD-076D-4BCC-A21F-E9D437F89561}.Debug|Any CPU.Build.0 = Debug|Any CPU
		{CE23B0BD-076D-4BCC-A21F-E9D437F89561}.Release|Any CPU.ActiveCfg = Release|Any CPU
		{CE23B0BD-076D-4BCC-A21F-E9D437F89561}.Release|Any CPU.Build.0 = Release|Any CPU
	EndGlobalSection
	GlobalSection(SolutionProperties) = preSolution
		HideSolutionNode = FALSE
	EndGlobalSection
	GlobalSection(NestedProjects) = preSolution
		{B2BE6CE0-5F1A-4A92-A2B7-7A10B62063B2} = {1ADF49D7-3D65-4CD1-90DE-776250C0751E}
		{1D2D37B6-EA14-4C51-ACEB-7F56945DEE0E} = {1ADF49D7-3D65-4CD1-90DE-776250C0751E}
		{72AA8516-58ED-4E9C-8154-938DDBB40FBC} = {2CB1623B-AF15-4FCE-B939-12E54ABF152F}
		{782306C1-8554-451C-AD4A-4E2679ACB329} = {1168CF5D-CB07-4BD7-93E6-54858E5FEC00}
		{B7301270-B7B1-426E-86D9-CE3AF163B8B7} = {1168CF5D-CB07-4BD7-93E6-54858E5FEC00}
		{CE23B0BD-076D-4BCC-A21F-E9D437F89561} = {3E5548F6-C771-47BF-8D4F-2C82ADC9BF2E}
	EndGlobalSection
	GlobalSection(ExtensibilityGlobals) = postSolution
		SolutionGuid = {2A519952-3A47-46FC-83E3-39A16C8B8EA0}
	EndGlobalSection
EndGlobal
